
Microsoft Visual Studio Solution File, Format Version 12.00
# Visual Studio Version 17
VisualStudioVersion = 17.8.34511.84
MinimumVisualStudioVersion = 10.0.40219.1
Project("{9A19103F-16F7-4668-BE54-9A1E7A4F7556}") = "B2", "B2\B2.csproj", "{6328E0B7-4F6F-4BC4-913E-EEE9A54310DB}"
EndProject
Project("{9A19103F-16F7-4668-BE54-9A1E7A4F7556}") = "B2-2", "B2-2\B2-2.csproj", "{4A066899-595D-49FE-9A33-E1B92B968737}"
EndProject
Project("{9A19103F-16F7-4668-BE54-9A1E7A4F7556}") = "BT2-3", "BT2-3\BT2-3.csproj", "{44C996FA-581E-4C20-B58C-F38486050AEA}"
EndProject
Project("{9A19103F-16F7-4668-BE54-9A1E7A4F7556}") = "B2-5", "B2-5\B2-5.csproj", "{A4A97769-3635-4109-A1F2-F121A0D24F6E}"
EndProject
Project("{FAE04EC0-301F-11D3-BF4B-00C04F79EFBC}") = "B1-them", "B1-them\B1-them.csproj", "{48376043-2C7A-49B1-BCC1-CF71B91F4347}"
EndProject
Global
	GlobalSection(SolutionConfigurationPlatforms) = preSolution
		Debug|Any CPU = Debug|Any CPU
		Release|Any CPU = Release|Any CPU
	EndGlobalSection
	GlobalSection(ProjectConfigurationPlatforms) = postSolution
		{6328E0B7-4F6F-4BC4-913E-EEE9A54310DB}.Debug|Any CPU.ActiveCfg = Debug|Any CPU
		{6328E0B7-4F6F-4BC4-913E-EEE9A54310DB}.Debug|Any CPU.Build.0 = Debug|Any CPU
		{6328E0B7-4F6F-4BC4-913E-EEE9A54310DB}.Release|Any CPU.ActiveCfg = Release|Any CPU
		{6328E0B7-4F6F-4BC4-913E-EEE9A54310DB}.Release|Any CPU.Build.0 = Release|Any CPU
		{4A066899-595D-49FE-9A33-E1B92B968737}.Debug|Any CPU.ActiveCfg = Debug|Any CPU
		{4A066899-595D-49FE-9A33-E1B92B968737}.Debug|Any CPU.Build.0 = Debug|Any CPU
		{4A066899-595D-49FE-9A33-E1B92B968737}.Release|Any CPU.ActiveCfg = Release|Any CPU
		{4A066899-595D-49FE-9A33-E1B92B968737}.Release|Any CPU.Build.0 = Release|Any CPU
		{44C996FA-581E-4C20-B58C-F38486050AEA}.Debug|Any CPU.ActiveCfg = Debug|Any CPU
		{44C996FA-581E-4C20-B58C-F38486050AEA}.Debug|Any CPU.Build.0 = Debug|Any CPU
		{44C996FA-581E-4C20-B58C-F38486050AEA}.Release|Any CPU.ActiveCfg = Release|Any CPU
		{44C996FA-581E-4C20-B58C-F38486050AEA}.Release|Any CPU.Build.0 = Release|Any CPU
		{A4A97769-3635-4109-A1F2-F121A0D24F6E}.Debug|Any CPU.ActiveCfg = Debug|Any CPU
		{A4A97769-3635-4109-A1F2-F121A0D24F6E}.Debug|Any CPU.Build.0 = Debug|Any CPU
		{A4A97769-3635-4109-A1F2-F121A0D24F6E}.Release|Any CPU.ActiveCfg = Release|Any CPU
		{A4A97769-3635-4109-A1F2-F121A0D24F6E}.Release|Any CPU.Build.0 = Release|Any CPU
		{48376043-2C7A-49B1-BCC1-CF71B91F4347}.Debug|Any CPU.ActiveCfg = Debug|Any CPU
		{48376043-2C7A-49B1-BCC1-CF71B91F4347}.Debug|Any CPU.Build.0 = Debug|Any CPU
		{48376043-2C7A-49B1-BCC1-CF71B91F4347}.Release|Any CPU.ActiveCfg = Release|Any CPU
		{48376043-2C7A-49B1-BCC1-CF71B91F4347}.Release|Any CPU.Build.0 = Release|Any CPU
	EndGlobalSection
	GlobalSection(SolutionProperties) = preSolution
		HideSolutionNode = FALSE
	EndGlobalSection
	GlobalSection(ExtensibilityGlobals) = postSolution
		SolutionGuid = {D6C2D7BD-500A-4C75-B6C6-561DF2242B23}
	EndGlobalSection
EndGlobal
